
Microsoft Visual Studio Solution File, Format Version 12.00
# Visual Studio Version 17
VisualStudioVersion = 17.5.33627.172
MinimumVisualStudioVersion = 10.0.40219.1
Project("{9A19103F-16F7-4668-BE54-9A1E7A4F7556}") = "CustomerAccount_WebAPI_CQRS_FK", "CustomerAccount_WebAPI_CQRS\CustomerAccount_WebAPI_CQRS_FK.csproj", "{60F92171-D19D-4E7F-BC66-129AA19947BD}"
EndProject
Global
	GlobalSection(SolutionConfigurationPlatforms) = preSolution
		Debug|Any CPU = Debug|Any CPU
		Release|Any CPU = Release|Any CPU
	EndGlobalSection
	GlobalSection(ProjectConfigurationPlatforms) = postSolution
		{60F92171-D19D-4E7F-BC66-129AA19947BD}.Debug|Any CPU.ActiveCfg = Debug|Any CPU
		{60F92171-D19D-4E7F-BC66-129AA19947BD}.Debug|Any CPU.Build.0 = Debug|Any CPU
		{60F92171-D19D-4E7F-BC66-129AA19947BD}.Release|Any CPU.ActiveCfg = Release|Any CPU
		{60F92171-D19D-4E7F-BC66-129AA19947BD}.Release|Any CPU.Build.0 = Release|Any CPU
	EndGlobalSection
	GlobalSection(SolutionProperties) = preSolution
		HideSolutionNode = FALSE
	EndGlobalSection
	GlobalSection(ExtensibilityGlobals) = postSolution
		SolutionGuid = {2C2F45B8-67C7-4C13-B9F7-CC9F12409D8C}
	EndGlobalSection
EndGlobal
